# This file is autogenerated, do not edit; changes may be undone by the next 'dep ensure'.


[[projects]]
  digest = "1:9f3b30d9f8e0d7040f729b82dcbc8f0dead820a133b3147ce355fc451f32d761"
  name = "github.com/BurntSushi/toml"
  packages = ["."]
  pruneopts = "UT"
  revision = "3012a1dbe2e4bd1391d42b32f0577cb7bbc7f005"
  version = "v0.3.1"

[[projects]]
  branch = "master"
  digest = "1:318f1c959a8a740366fce4b1e1eb2fd914036b4af58fbd0a003349b305f118ad"
  name = "github.com/golang/protobuf"
  packages = ["proto"]
  pruneopts = "UT"
  revision = "1d3f30b51784bec5aad268e59fd3c2fc1c2fe73f"

[[projects]]
  branch = "master"
  digest = "1:0778dc7fce1b4669a8bfa7ae506ec1f595b6ab0f8989c1c0d22a8ca1144e9972"
  name = "github.com/howeyc/gopass"
  packages = ["."]
  pruneopts = "UT"
  revision = "bf9dde6d0d2c004a008c27aaee91170c786f6db8"

[[projects]]
  digest = "1:8ad4e062258dc3d193cead76f44460cfbfc19c309e1ed9f8935b8eb67d2ce077"
  name = "github.com/passw0rd/phe-go"
  packages = [
    ".",
    "swu",
  ]
  pruneopts = "UT"
  revision = "03eb765a068b23af843a9c29592e4b31f8d9161f"
  version = "v1.0.0"

[[projects]]
  digest = "1:563c1b29d50628a7516fbfc304d5ad465f2a49adfc7ab5238796ba880a1f6abb"
  name = "github.com/passw0rd/sdk-go"
  packages = ["."]
  pruneopts = "UT"
  revision = "6c8415a4b68ee59803d8322dc9281853ab90f36e"
  version = "v1.0.0"

[[projects]]
  digest = "1:cf31692c14422fa27c83a05292eb5cbe0fb2775972e8f1f8446a71549bd8980b"
  name = "github.com/pkg/errors"
  packages = ["."]
  pruneopts = "UT"
  revision = "ba968bfe8b2f7e042a574c888954fccecfa385b4"
  version = "v0.8.1"

[[projects]]
  branch = "master"
  digest = "1:6e4ab47fee711f86f97a45c3650c58990d4626f1fcf2e9b0e90c6d902d8453b0"
  name = "golang.org/x/crypto"
  packages = [
    "hkdf",
    "ssh/terminal",
  ]
  pruneopts = "UT"
  revision = "ff983b9c42bc9fbf91556e191cc8efb585c16908"

[[projects]]
  branch = "master"
  digest = "1:12ef3ef293a3a3930a82e5f38a3c45a1b03a9ed72dedc192d90e89d59b1f13a5"
  name = "golang.org/x/sys"
  packages = [
    "unix",
    "windows",
  ]
  pruneopts = "UT"
  revision = "7fbe1cd0fcc20051e1fcb87fbabec4a1bacaaeba"

[[projects]]
  branch = "v2"
  digest = "1:63fb35267a093a9f64d800118e794513a014ba091eb2722907b9ea7446a6c2d1"
  name = "gopkg.in/urfave/cli.v2"
  packages = [
    ".",
    "altsrc",
  ]
  pruneopts = "UT"
  revision = "d3ae77c26ac8db90639677e4831a728d33c36111"

[[projects]]
  digest = "1:4d2e5a73dc1500038e504a8d78b986630e3626dc027bc030ba5c75da257cdb96"
  name = "gopkg.in/yaml.v2"
  packages = ["."]
  pruneopts = "UT"
  revision = "51d6538a90f86fe93ac480b35f37b2be17fef232"
  version = "v2.2.2"

[solve-meta]
  analyzer-name = "dep"
  analyzer-version = 1
  input-imports = [
    "github.com/golang/protobuf/proto",
    "github.com/howeyc/gopass",
    "github.com/passw0rd/phe-go",
    "github.com/passw0rd/sdk-go",
    "github.com/pkg/errors",
    "gopkg.in/urfave/cli.v2",
    "gopkg.in/urfave/cli.v2/altsrc",
  ]
  solver-name = "gps-cdcl"
  solver-version = 1
