# This file is autogenerated, do not edit; changes may be undone by the next 'dep ensure'.


[[projects]]
  digest = "1:9f3b30d9f8e0d7040f729b82dcbc8f0dead820a133b3147ce355fc451f32d761"
  name = "github.com/BurntSushi/toml"
  packages = ["."]
  pruneopts = "UT"
  revision = "3012a1dbe2e4bd1391d42b32f0577cb7bbc7f005"
  version = "v0.3.1"

[[projects]]
  branch = "master"
  digest = "1:318f1c959a8a740366fce4b1e1eb2fd914036b4af58fbd0a003349b305f118ad"
  name = "github.com/golang/protobuf"
  packages = ["proto"]
  pruneopts = "UT"
  revision = "1d3f30b51784bec5aad268e59fd3c2fc1c2fe73f"

[[projects]]
  branch = "master"
  digest = "1:0778dc7fce1b4669a8bfa7ae506ec1f595b6ab0f8989c1c0d22a8ca1144e9972"
  name = "github.com/howeyc/gopass"
  packages = ["."]
  pruneopts = "UT"
  revision = "bf9dde6d0d2c004a008c27aaee91170c786f6db8"

[[projects]]
  branch = "master"
  digest = "1:6a40e69be81a3eb6c0cea15406f4f34a1564ed145194bfdb4e29a2769e8476c4"
  name = "github.com/passw0rd/phe-go"
  packages = [
    ".",
    "swu",
  ]
  pruneopts = "UT"
  revision = "aa21cce33ae6c8bfa88c706c69bd5f69aafd3651"

[[projects]]
  branch = "master"
  digest = "1:82825d96e0c417b5c261325db1842d26a87f0b764c8e53734b7ed16c2810d10d"
  name = "github.com/passw0rd/sdk-go"
  packages = ["."]
  pruneopts = "UT"
  revision = "5d31c7b83af7744149ee2f81b4f0c7685aa6467c"

[[projects]]
  digest = "1:40e195917a951a8bf867cd05de2a46aaf1806c50cf92eebf4c16f78cd196f747"
  name = "github.com/pkg/errors"
  packages = ["."]
  pruneopts = "UT"
  revision = "645ef00459ed84a119197bfb8d8205042c6df63d"
  version = "v0.8.0"

[[projects]]
  branch = "master"
  digest = "1:6e4ab47fee711f86f97a45c3650c58990d4626f1fcf2e9b0e90c6d902d8453b0"
  name = "golang.org/x/crypto"
  packages = [
    "hkdf",
    "ssh/terminal",
  ]
  pruneopts = "UT"
  revision = "505ab145d0a99da450461ae2c1a9f6cd10d1f447"

[[projects]]
  branch = "master"
  digest = "1:10405139b45e3a97a3842c93984710e30466eb933545f219ad3f5e45246973b4"
  name = "golang.org/x/sys"
  packages = [
    "unix",
    "windows",
  ]
  pruneopts = "UT"
  revision = "9a3f9b0469bbc6b8802087ae5c0af9f61502de01"

[[projects]]
  branch = "v2"
  digest = "1:63fb35267a093a9f64d800118e794513a014ba091eb2722907b9ea7446a6c2d1"
  name = "gopkg.in/urfave/cli.v2"
  packages = [
    ".",
    "altsrc",
  ]
  pruneopts = "UT"
  revision = "d3ae77c26ac8db90639677e4831a728d33c36111"

[[projects]]
  digest = "1:4d2e5a73dc1500038e504a8d78b986630e3626dc027bc030ba5c75da257cdb96"
  name = "gopkg.in/yaml.v2"
  packages = ["."]
  pruneopts = "UT"
  revision = "51d6538a90f86fe93ac480b35f37b2be17fef232"
  version = "v2.2.2"

[solve-meta]
  analyzer-name = "dep"
  analyzer-version = 1
  input-imports = [
    "github.com/golang/protobuf/proto",
    "github.com/howeyc/gopass",
    "github.com/passw0rd/phe-go",
    "github.com/passw0rd/sdk-go",
    "github.com/pkg/errors",
    "gopkg.in/urfave/cli.v2",
    "gopkg.in/urfave/cli.v2/altsrc",
  ]
  solver-name = "gps-cdcl"
  solver-version = 1
